
Microsoft Visual Studio Solution File, Format Version 12.00
# Visual Studio Version 17
VisualStudioVersion = 17.2.32616.157
MinimumVisualStudioVersion = 10.0.40219.1
Project("{FAE04EC0-301F-11D3-BF4B-00C04F79EFBC}") = "09.07.2023_SOLID", "09.07.2023_SOLID.csproj", "{60B37963-75D8-4A29-86B6-FC043BD6EFF1}"
EndProject
Global
	GlobalSection(SolutionConfigurationPlatforms) = preSolution
		Debug|Any CPU = Debug|Any CPU
		Release|Any CPU = Release|Any CPU
	EndGlobalSection
	GlobalSection(ProjectConfigurationPlatforms) = postSolution
		{60B37963-75D8-4A29-86B6-FC043BD6EFF1}.Debug|Any CPU.ActiveCfg = Debug|Any CPU
		{60B37963-75D8-4A29-86B6-FC043BD6EFF1}.Debug|Any CPU.Build.0 = Debug|Any CPU
		{60B37963-75D8-4A29-86B6-FC043BD6EFF1}.Release|Any CPU.ActiveCfg = Release|Any CPU
		{60B37963-75D8-4A29-86B6-FC043BD6EFF1}.Release|Any CPU.Build.0 = Release|Any CPU
	EndGlobalSection
	GlobalSection(SolutionProperties) = preSolution
		HideSolutionNode = FALSE
	EndGlobalSection
	GlobalSection(ExtensibilityGlobals) = postSolution
		SolutionGuid = {DA0B3E2D-DD20-4BC8-9B49-1865EF5FCF92}
	EndGlobalSection
EndGlobal
